
Microsoft Visual Studio Solution File, Format Version 12.00
# Visual Studio 15
VisualStudioVersion = 15.0.28307.705
MinimumVisualStudioVersion = 10.0.40219.1
Project("{FAE04EC0-301F-11D3-BF4B-00C04F79EFBC}") = "Lab16Exam4", "Lab16Exam4\Lab16Exam4.csproj", "{04BEA3D2-0191-4F79-A4FB-A0A3C72586B6}"
EndProject
Global
	GlobalSection(SolutionConfigurationPlatforms) = preSolution
		Debug|Any CPU = Debug|Any CPU
		Release|Any CPU = Release|Any CPU
	EndGlobalSection
	GlobalSection(ProjectConfigurationPlatforms) = postSolution
		{04BEA3D2-0191-4F79-A4FB-A0A3C72586B6}.Debug|Any CPU.ActiveCfg = Debug|Any CPU
		{04BEA3D2-0191-4F79-A4FB-A0A3C72586B6}.Debug|Any CPU.Build.0 = Debug|Any CPU
		{04BEA3D2-0191-4F79-A4FB-A0A3C72586B6}.Release|Any CPU.ActiveCfg = Release|Any CPU
		{04BEA3D2-0191-4F79-A4FB-A0A3C72586B6}.Release|Any CPU.Build.0 = Release|Any CPU
	EndGlobalSection
	GlobalSection(SolutionProperties) = preSolution
		HideSolutionNode = FALSE
	EndGlobalSection
	GlobalSection(ExtensibilityGlobals) = postSolution
		SolutionGuid = {4111D1B7-ABF6-4DB7-9481-9DC2F5EEED5F}
	EndGlobalSection
EndGlobal
