
Microsoft Visual Studio Solution File, Format Version 12.00
# Visual Studio 15
VisualStudioVersion = 15.0.28307.757
MinimumVisualStudioVersion = 10.0.40219.1
Project("{FAE04EC0-301F-11D3-BF4B-00C04F79EFBC}") = "Lab20Task1", "Lab20Task1\Lab20Task1.csproj", "{86AC239F-9782-4672-BDAE-147F47057539}"
EndProject
Global
	GlobalSection(SolutionConfigurationPlatforms) = preSolution
		Debug|Any CPU = Debug|Any CPU
		Release|Any CPU = Release|Any CPU
	EndGlobalSection
	GlobalSection(ProjectConfigurationPlatforms) = postSolution
		{86AC239F-9782-4672-BDAE-147F47057539}.Debug|Any CPU.ActiveCfg = Debug|Any CPU
		{86AC239F-9782-4672-BDAE-147F47057539}.Debug|Any CPU.Build.0 = Debug|Any CPU
		{86AC239F-9782-4672-BDAE-147F47057539}.Release|Any CPU.ActiveCfg = Release|Any CPU
		{86AC239F-9782-4672-BDAE-147F47057539}.Release|Any CPU.Build.0 = Release|Any CPU
	EndGlobalSection
	GlobalSection(SolutionProperties) = preSolution
		HideSolutionNode = FALSE
	EndGlobalSection
	GlobalSection(ExtensibilityGlobals) = postSolution
		SolutionGuid = {1A0ABD25-05FD-47E8-9B4E-1B8C76B1E729}
	EndGlobalSection
EndGlobal
