
Microsoft Visual Studio Solution File, Format Version 12.00
# Visual Studio 15
VisualStudioVersion = 15.0.28307.705
MinimumVisualStudioVersion = 10.0.40219.1
Project("{FAE04EC0-301F-11D3-BF4B-00C04F79EFBC}") = "Lab 2 Task 5", "Lab 2 Task 5\Lab 2 Task 5.csproj", "{9219F254-6B02-49D6-8707-6A966D44B002}"
EndProject
Global
	GlobalSection(SolutionConfigurationPlatforms) = preSolution
		Debug|Any CPU = Debug|Any CPU
		Release|Any CPU = Release|Any CPU
	EndGlobalSection
	GlobalSection(ProjectConfigurationPlatforms) = postSolution
		{9219F254-6B02-49D6-8707-6A966D44B002}.Debug|Any CPU.ActiveCfg = Debug|Any CPU
		{9219F254-6B02-49D6-8707-6A966D44B002}.Debug|Any CPU.Build.0 = Debug|Any CPU
		{9219F254-6B02-49D6-8707-6A966D44B002}.Release|Any CPU.ActiveCfg = Release|Any CPU
		{9219F254-6B02-49D6-8707-6A966D44B002}.Release|Any CPU.Build.0 = Release|Any CPU
	EndGlobalSection
	GlobalSection(SolutionProperties) = preSolution
		HideSolutionNode = FALSE
	EndGlobalSection
	GlobalSection(ExtensibilityGlobals) = postSolution
		SolutionGuid = {87BCBA38-1E98-4777-A7EB-B7E6C6A26027}
	EndGlobalSection
EndGlobal
