
Microsoft Visual Studio Solution File, Format Version 12.00
# Visual Studio 15
VisualStudioVersion = 15.0.28307.757
MinimumVisualStudioVersion = 10.0.40219.1
Project("{FAE04EC0-301F-11D3-BF4B-00C04F79EFBC}") = "Lab19Task4", "Lab19Task4\Lab19Task4.csproj", "{1224A696-4A24-4A3D-B913-3C4DDBA9BDCA}"
EndProject
Global
	GlobalSection(SolutionConfigurationPlatforms) = preSolution
		Debug|Any CPU = Debug|Any CPU
		Release|Any CPU = Release|Any CPU
	EndGlobalSection
	GlobalSection(ProjectConfigurationPlatforms) = postSolution
		{1224A696-4A24-4A3D-B913-3C4DDBA9BDCA}.Debug|Any CPU.ActiveCfg = Debug|Any CPU
		{1224A696-4A24-4A3D-B913-3C4DDBA9BDCA}.Debug|Any CPU.Build.0 = Debug|Any CPU
		{1224A696-4A24-4A3D-B913-3C4DDBA9BDCA}.Release|Any CPU.ActiveCfg = Release|Any CPU
		{1224A696-4A24-4A3D-B913-3C4DDBA9BDCA}.Release|Any CPU.Build.0 = Release|Any CPU
	EndGlobalSection
	GlobalSection(SolutionProperties) = preSolution
		HideSolutionNode = FALSE
	EndGlobalSection
	GlobalSection(ExtensibilityGlobals) = postSolution
		SolutionGuid = {7ED63AEB-0217-4A89-8C14-44B0130E8F33}
	EndGlobalSection
EndGlobal
