
Microsoft Visual Studio Solution File, Format Version 12.00
# Visual Studio 15
VisualStudioVersion = 15.0.28307.705
MinimumVisualStudioVersion = 10.0.40219.1
Project("{FAE04EC0-301F-11D3-BF4B-00C04F79EFBC}") = "Lab13Task1", "Lab13Task1\Lab13Task1.csproj", "{CA50E871-0B06-49E1-BB08-B2ACD79042BE}"
EndProject
Global
	GlobalSection(SolutionConfigurationPlatforms) = preSolution
		Debug|Any CPU = Debug|Any CPU
		Release|Any CPU = Release|Any CPU
	EndGlobalSection
	GlobalSection(ProjectConfigurationPlatforms) = postSolution
		{CA50E871-0B06-49E1-BB08-B2ACD79042BE}.Debug|Any CPU.ActiveCfg = Debug|Any CPU
		{CA50E871-0B06-49E1-BB08-B2ACD79042BE}.Debug|Any CPU.Build.0 = Debug|Any CPU
		{CA50E871-0B06-49E1-BB08-B2ACD79042BE}.Release|Any CPU.ActiveCfg = Release|Any CPU
		{CA50E871-0B06-49E1-BB08-B2ACD79042BE}.Release|Any CPU.Build.0 = Release|Any CPU
	EndGlobalSection
	GlobalSection(SolutionProperties) = preSolution
		HideSolutionNode = FALSE
	EndGlobalSection
	GlobalSection(ExtensibilityGlobals) = postSolution
		SolutionGuid = {FC3C38E5-7E3A-403C-A237-CC59205A81A5}
	EndGlobalSection
EndGlobal
