
Microsoft Visual Studio Solution File, Format Version 12.00
# Visual Studio 15
VisualStudioVersion = 15.0.28307.705
MinimumVisualStudioVersion = 10.0.40219.1
Project("{FAE04EC0-301F-11D3-BF4B-00C04F79EFBC}") = "Lab 2 Task 3", "Lab 2 Task 3\Lab 2 Task 3.csproj", "{C5ACD03F-2104-436A-9619-FA6F8679108B}"
EndProject
Global
	GlobalSection(SolutionConfigurationPlatforms) = preSolution
		Debug|Any CPU = Debug|Any CPU
		Release|Any CPU = Release|Any CPU
	EndGlobalSection
	GlobalSection(ProjectConfigurationPlatforms) = postSolution
		{C5ACD03F-2104-436A-9619-FA6F8679108B}.Debug|Any CPU.ActiveCfg = Debug|Any CPU
		{C5ACD03F-2104-436A-9619-FA6F8679108B}.Debug|Any CPU.Build.0 = Debug|Any CPU
		{C5ACD03F-2104-436A-9619-FA6F8679108B}.Release|Any CPU.ActiveCfg = Release|Any CPU
		{C5ACD03F-2104-436A-9619-FA6F8679108B}.Release|Any CPU.Build.0 = Release|Any CPU
	EndGlobalSection
	GlobalSection(SolutionProperties) = preSolution
		HideSolutionNode = FALSE
	EndGlobalSection
	GlobalSection(ExtensibilityGlobals) = postSolution
		SolutionGuid = {ECB86DA6-07BF-48E7-84B7-818E4A8A7E9C}
	EndGlobalSection
EndGlobal
