
Microsoft Visual Studio Solution File, Format Version 12.00
# Visual Studio 15
VisualStudioVersion = 15.0.28307.757
MinimumVisualStudioVersion = 10.0.40219.1
Project("{FAE04EC0-301F-11D3-BF4B-00C04F79EFBC}") = "Lab5Task2", "Lab5Task2\Lab5Task2.csproj", "{E766421B-D2C6-42DE-9D56-FD95AFD2C1FC}"
EndProject
Global
	GlobalSection(SolutionConfigurationPlatforms) = preSolution
		Debug|Any CPU = Debug|Any CPU
		Release|Any CPU = Release|Any CPU
	EndGlobalSection
	GlobalSection(ProjectConfigurationPlatforms) = postSolution
		{E766421B-D2C6-42DE-9D56-FD95AFD2C1FC}.Debug|Any CPU.ActiveCfg = Debug|Any CPU
		{E766421B-D2C6-42DE-9D56-FD95AFD2C1FC}.Debug|Any CPU.Build.0 = Debug|Any CPU
		{E766421B-D2C6-42DE-9D56-FD95AFD2C1FC}.Release|Any CPU.ActiveCfg = Release|Any CPU
		{E766421B-D2C6-42DE-9D56-FD95AFD2C1FC}.Release|Any CPU.Build.0 = Release|Any CPU
	EndGlobalSection
	GlobalSection(SolutionProperties) = preSolution
		HideSolutionNode = FALSE
	EndGlobalSection
	GlobalSection(ExtensibilityGlobals) = postSolution
		SolutionGuid = {855198D6-6AB2-450D-975D-81CB6F68685B}
	EndGlobalSection
EndGlobal
