
Microsoft Visual Studio Solution File, Format Version 12.00
# Visual Studio 15
VisualStudioVersion = 15.0.28307.705
MinimumVisualStudioVersion = 10.0.40219.1
Project("{FAE04EC0-301F-11D3-BF4B-00C04F79EFBC}") = "Lab3Task2", "Lab3Task2\Lab3Task2.csproj", "{6843388B-CA89-4A2A-8DAA-7C31412EEDF1}"
EndProject
Global
	GlobalSection(SolutionConfigurationPlatforms) = preSolution
		Debug|Any CPU = Debug|Any CPU
		Release|Any CPU = Release|Any CPU
	EndGlobalSection
	GlobalSection(ProjectConfigurationPlatforms) = postSolution
		{6843388B-CA89-4A2A-8DAA-7C31412EEDF1}.Debug|Any CPU.ActiveCfg = Debug|Any CPU
		{6843388B-CA89-4A2A-8DAA-7C31412EEDF1}.Debug|Any CPU.Build.0 = Debug|Any CPU
		{6843388B-CA89-4A2A-8DAA-7C31412EEDF1}.Release|Any CPU.ActiveCfg = Release|Any CPU
		{6843388B-CA89-4A2A-8DAA-7C31412EEDF1}.Release|Any CPU.Build.0 = Release|Any CPU
	EndGlobalSection
	GlobalSection(SolutionProperties) = preSolution
		HideSolutionNode = FALSE
	EndGlobalSection
	GlobalSection(ExtensibilityGlobals) = postSolution
		SolutionGuid = {091CBDB5-1B15-4C68-BDBB-74330A51A517}
	EndGlobalSection
EndGlobal
