
Microsoft Visual Studio Solution File, Format Version 12.00
# Visual Studio 15
VisualStudioVersion = 15.0.28307.705
MinimumVisualStudioVersion = 10.0.40219.1
Project("{FAE04EC0-301F-11D3-BF4B-00C04F79EFBC}") = "Lab19Task5V2", "Lab19Task5V2\Lab19Task5V2.csproj", "{693FDEB8-C755-4F4D-9C96-83E40CDBD4B0}"
EndProject
Global
	GlobalSection(SolutionConfigurationPlatforms) = preSolution
		Debug|Any CPU = Debug|Any CPU
		Release|Any CPU = Release|Any CPU
	EndGlobalSection
	GlobalSection(ProjectConfigurationPlatforms) = postSolution
		{693FDEB8-C755-4F4D-9C96-83E40CDBD4B0}.Debug|Any CPU.ActiveCfg = Debug|Any CPU
		{693FDEB8-C755-4F4D-9C96-83E40CDBD4B0}.Debug|Any CPU.Build.0 = Debug|Any CPU
		{693FDEB8-C755-4F4D-9C96-83E40CDBD4B0}.Release|Any CPU.ActiveCfg = Release|Any CPU
		{693FDEB8-C755-4F4D-9C96-83E40CDBD4B0}.Release|Any CPU.Build.0 = Release|Any CPU
	EndGlobalSection
	GlobalSection(SolutionProperties) = preSolution
		HideSolutionNode = FALSE
	EndGlobalSection
	GlobalSection(ExtensibilityGlobals) = postSolution
		SolutionGuid = {4C672E3B-DFA7-4F76-99F6-E0751102D51C}
	EndGlobalSection
EndGlobal
