
Microsoft Visual Studio Solution File, Format Version 12.00
# Visual Studio 15
VisualStudioVersion = 15.0.28307.757
MinimumVisualStudioVersion = 10.0.40219.1
Project("{FAE04EC0-301F-11D3-BF4B-00C04F79EFBC}") = "Lab15Task4", "Lab15Task4\Lab15Task4.csproj", "{65B69329-2E30-4BD1-8ED7-4DF9727019C5}"
EndProject
Global
	GlobalSection(SolutionConfigurationPlatforms) = preSolution
		Debug|Any CPU = Debug|Any CPU
		Release|Any CPU = Release|Any CPU
	EndGlobalSection
	GlobalSection(ProjectConfigurationPlatforms) = postSolution
		{65B69329-2E30-4BD1-8ED7-4DF9727019C5}.Debug|Any CPU.ActiveCfg = Debug|Any CPU
		{65B69329-2E30-4BD1-8ED7-4DF9727019C5}.Debug|Any CPU.Build.0 = Debug|Any CPU
		{65B69329-2E30-4BD1-8ED7-4DF9727019C5}.Release|Any CPU.ActiveCfg = Release|Any CPU
		{65B69329-2E30-4BD1-8ED7-4DF9727019C5}.Release|Any CPU.Build.0 = Release|Any CPU
	EndGlobalSection
	GlobalSection(SolutionProperties) = preSolution
		HideSolutionNode = FALSE
	EndGlobalSection
	GlobalSection(ExtensibilityGlobals) = postSolution
		SolutionGuid = {A425E015-B1AE-48B0-B983-61869ACD5115}
	EndGlobalSection
EndGlobal
