
Microsoft Visual Studio Solution File, Format Version 12.00
# Visual Studio 15
VisualStudioVersion = 15.0.28307.757
MinimumVisualStudioVersion = 10.0.40219.1
Project("{FAE04EC0-301F-11D3-BF4B-00C04F79EFBC}") = "Lab9Task5V2", "Lab9Task5V2\Lab9Task5V2.csproj", "{892C0007-98B6-405C-A251-0B770DE46CAA}"
EndProject
Global
	GlobalSection(SolutionConfigurationPlatforms) = preSolution
		Debug|Any CPU = Debug|Any CPU
		Release|Any CPU = Release|Any CPU
	EndGlobalSection
	GlobalSection(ProjectConfigurationPlatforms) = postSolution
		{892C0007-98B6-405C-A251-0B770DE46CAA}.Debug|Any CPU.ActiveCfg = Debug|Any CPU
		{892C0007-98B6-405C-A251-0B770DE46CAA}.Debug|Any CPU.Build.0 = Debug|Any CPU
		{892C0007-98B6-405C-A251-0B770DE46CAA}.Release|Any CPU.ActiveCfg = Release|Any CPU
		{892C0007-98B6-405C-A251-0B770DE46CAA}.Release|Any CPU.Build.0 = Release|Any CPU
	EndGlobalSection
	GlobalSection(SolutionProperties) = preSolution
		HideSolutionNode = FALSE
	EndGlobalSection
	GlobalSection(ExtensibilityGlobals) = postSolution
		SolutionGuid = {7E1928D5-4EA2-464E-A072-8C4A674CBE87}
	EndGlobalSection
EndGlobal
