
Microsoft Visual Studio Solution File, Format Version 12.00
# Visual Studio 15
VisualStudioVersion = 15.0.28307.705
MinimumVisualStudioVersion = 10.0.40219.1
Project("{FAE04EC0-301F-11D3-BF4B-00C04F79EFBC}") = "Lab7Task2", "Lab7Task2\Lab7Task2.csproj", "{92115AA6-2B57-491C-9A58-08D65900BE65}"
EndProject
Global
	GlobalSection(SolutionConfigurationPlatforms) = preSolution
		Debug|Any CPU = Debug|Any CPU
		Release|Any CPU = Release|Any CPU
	EndGlobalSection
	GlobalSection(ProjectConfigurationPlatforms) = postSolution
		{92115AA6-2B57-491C-9A58-08D65900BE65}.Debug|Any CPU.ActiveCfg = Debug|Any CPU
		{92115AA6-2B57-491C-9A58-08D65900BE65}.Debug|Any CPU.Build.0 = Debug|Any CPU
		{92115AA6-2B57-491C-9A58-08D65900BE65}.Release|Any CPU.ActiveCfg = Release|Any CPU
		{92115AA6-2B57-491C-9A58-08D65900BE65}.Release|Any CPU.Build.0 = Release|Any CPU
	EndGlobalSection
	GlobalSection(SolutionProperties) = preSolution
		HideSolutionNode = FALSE
	EndGlobalSection
	GlobalSection(ExtensibilityGlobals) = postSolution
		SolutionGuid = {738A003D-85BA-4F5C-9D1F-8D29A731F44D}
	EndGlobalSection
EndGlobal
