
Microsoft Visual Studio Solution File, Format Version 12.00
# Visual Studio 15
VisualStudioVersion = 15.0.28307.705
MinimumVisualStudioVersion = 10.0.40219.1
Project("{FAE04EC0-301F-11D3-BF4B-00C04F79EFBC}") = "Lab21Task4", "Lab21Task4\Lab21Task4.csproj", "{5BAB2161-74A9-4E64-BA8A-72E68A1D9792}"
EndProject
Global
	GlobalSection(SolutionConfigurationPlatforms) = preSolution
		Debug|Any CPU = Debug|Any CPU
		Release|Any CPU = Release|Any CPU
	EndGlobalSection
	GlobalSection(ProjectConfigurationPlatforms) = postSolution
		{5BAB2161-74A9-4E64-BA8A-72E68A1D9792}.Debug|Any CPU.ActiveCfg = Debug|Any CPU
		{5BAB2161-74A9-4E64-BA8A-72E68A1D9792}.Debug|Any CPU.Build.0 = Debug|Any CPU
		{5BAB2161-74A9-4E64-BA8A-72E68A1D9792}.Release|Any CPU.ActiveCfg = Release|Any CPU
		{5BAB2161-74A9-4E64-BA8A-72E68A1D9792}.Release|Any CPU.Build.0 = Release|Any CPU
	EndGlobalSection
	GlobalSection(SolutionProperties) = preSolution
		HideSolutionNode = FALSE
	EndGlobalSection
	GlobalSection(ExtensibilityGlobals) = postSolution
		SolutionGuid = {62DBF18B-BD52-4F1D-AA47-AF698463BAFD}
	EndGlobalSection
EndGlobal
