
Microsoft Visual Studio Solution File, Format Version 12.00
# Visual Studio 15
VisualStudioVersion = 15.0.28307.757
MinimumVisualStudioVersion = 10.0.40219.1
Project("{FAE04EC0-301F-11D3-BF4B-00C04F79EFBC}") = "Lab13Task5", "Lab13Task5\Lab13Task5.csproj", "{AB9030CA-C976-4735-8FDB-27AEDB924EF2}"
EndProject
Global
	GlobalSection(SolutionConfigurationPlatforms) = preSolution
		Debug|Any CPU = Debug|Any CPU
		Release|Any CPU = Release|Any CPU
	EndGlobalSection
	GlobalSection(ProjectConfigurationPlatforms) = postSolution
		{AB9030CA-C976-4735-8FDB-27AEDB924EF2}.Debug|Any CPU.ActiveCfg = Debug|Any CPU
		{AB9030CA-C976-4735-8FDB-27AEDB924EF2}.Debug|Any CPU.Build.0 = Debug|Any CPU
		{AB9030CA-C976-4735-8FDB-27AEDB924EF2}.Release|Any CPU.ActiveCfg = Release|Any CPU
		{AB9030CA-C976-4735-8FDB-27AEDB924EF2}.Release|Any CPU.Build.0 = Release|Any CPU
	EndGlobalSection
	GlobalSection(SolutionProperties) = preSolution
		HideSolutionNode = FALSE
	EndGlobalSection
	GlobalSection(ExtensibilityGlobals) = postSolution
		SolutionGuid = {9F817A2B-A80E-4F46-94BE-E2C95B1C2392}
	EndGlobalSection
EndGlobal
