
Microsoft Visual Studio Solution File, Format Version 12.00
# Visual Studio 15
VisualStudioVersion = 15.0.28307.757
MinimumVisualStudioVersion = 10.0.40219.1
Project("{FAE04EC0-301F-11D3-BF4B-00C04F79EFBC}") = "Lab10Task4", "Lab10Task4\Lab10Task4.csproj", "{1C71BC85-EF91-4597-992B-728A8E46CEE2}"
EndProject
Global
	GlobalSection(SolutionConfigurationPlatforms) = preSolution
		Debug|Any CPU = Debug|Any CPU
		Release|Any CPU = Release|Any CPU
	EndGlobalSection
	GlobalSection(ProjectConfigurationPlatforms) = postSolution
		{1C71BC85-EF91-4597-992B-728A8E46CEE2}.Debug|Any CPU.ActiveCfg = Debug|Any CPU
		{1C71BC85-EF91-4597-992B-728A8E46CEE2}.Debug|Any CPU.Build.0 = Debug|Any CPU
		{1C71BC85-EF91-4597-992B-728A8E46CEE2}.Release|Any CPU.ActiveCfg = Release|Any CPU
		{1C71BC85-EF91-4597-992B-728A8E46CEE2}.Release|Any CPU.Build.0 = Release|Any CPU
	EndGlobalSection
	GlobalSection(SolutionProperties) = preSolution
		HideSolutionNode = FALSE
	EndGlobalSection
	GlobalSection(ExtensibilityGlobals) = postSolution
		SolutionGuid = {B9222BB4-DE2A-4D92-BF5C-9A0AEE91256D}
	EndGlobalSection
EndGlobal
