
Microsoft Visual Studio Solution File, Format Version 12.00
# Visual Studio 15
VisualStudioVersion = 15.0.28307.757
MinimumVisualStudioVersion = 10.0.40219.1
Project("{FAE04EC0-301F-11D3-BF4B-00C04F79EFBC}") = "Lab21Task3", "Lab21Task3\Lab21Task3.csproj", "{C1705A58-4FEF-4686-8CAC-0455FDED8DAA}"
EndProject
Global
	GlobalSection(SolutionConfigurationPlatforms) = preSolution
		Debug|Any CPU = Debug|Any CPU
		Release|Any CPU = Release|Any CPU
	EndGlobalSection
	GlobalSection(ProjectConfigurationPlatforms) = postSolution
		{C1705A58-4FEF-4686-8CAC-0455FDED8DAA}.Debug|Any CPU.ActiveCfg = Debug|Any CPU
		{C1705A58-4FEF-4686-8CAC-0455FDED8DAA}.Debug|Any CPU.Build.0 = Debug|Any CPU
		{C1705A58-4FEF-4686-8CAC-0455FDED8DAA}.Release|Any CPU.ActiveCfg = Release|Any CPU
		{C1705A58-4FEF-4686-8CAC-0455FDED8DAA}.Release|Any CPU.Build.0 = Release|Any CPU
	EndGlobalSection
	GlobalSection(SolutionProperties) = preSolution
		HideSolutionNode = FALSE
	EndGlobalSection
	GlobalSection(ExtensibilityGlobals) = postSolution
		SolutionGuid = {17F05F00-1F9D-47BA-A959-781646ECC07B}
	EndGlobalSection
EndGlobal
