
Microsoft Visual Studio Solution File, Format Version 12.00
# Visual Studio 15
VisualStudioVersion = 15.0.28307.757
MinimumVisualStudioVersion = 10.0.40219.1
Project("{FAE04EC0-301F-11D3-BF4B-00C04F79EFBC}") = "Lab19Task1", "Lab19Task1\Lab19Task1.csproj", "{081CA1CF-2A76-45BD-8C72-59D805AC413D}"
EndProject
Global
	GlobalSection(SolutionConfigurationPlatforms) = preSolution
		Debug|Any CPU = Debug|Any CPU
		Release|Any CPU = Release|Any CPU
	EndGlobalSection
	GlobalSection(ProjectConfigurationPlatforms) = postSolution
		{081CA1CF-2A76-45BD-8C72-59D805AC413D}.Debug|Any CPU.ActiveCfg = Debug|Any CPU
		{081CA1CF-2A76-45BD-8C72-59D805AC413D}.Debug|Any CPU.Build.0 = Debug|Any CPU
		{081CA1CF-2A76-45BD-8C72-59D805AC413D}.Release|Any CPU.ActiveCfg = Release|Any CPU
		{081CA1CF-2A76-45BD-8C72-59D805AC413D}.Release|Any CPU.Build.0 = Release|Any CPU
	EndGlobalSection
	GlobalSection(SolutionProperties) = preSolution
		HideSolutionNode = FALSE
	EndGlobalSection
	GlobalSection(ExtensibilityGlobals) = postSolution
		SolutionGuid = {EBF0F891-1507-4D19-BF1A-F8DE345F6028}
	EndGlobalSection
EndGlobal
