
Microsoft Visual Studio Solution File, Format Version 12.00
# Visual Studio 15
VisualStudioVersion = 15.0.28307.705
MinimumVisualStudioVersion = 10.0.40219.1
Project("{FAE04EC0-301F-11D3-BF4B-00C04F79EFBC}") = "Lab6Task2", "Lab6Task2\Lab6Task2.csproj", "{A360437E-280C-4E87-BAB5-FE2651FDF158}"
EndProject
Global
	GlobalSection(SolutionConfigurationPlatforms) = preSolution
		Debug|Any CPU = Debug|Any CPU
		Release|Any CPU = Release|Any CPU
	EndGlobalSection
	GlobalSection(ProjectConfigurationPlatforms) = postSolution
		{A360437E-280C-4E87-BAB5-FE2651FDF158}.Debug|Any CPU.ActiveCfg = Debug|Any CPU
		{A360437E-280C-4E87-BAB5-FE2651FDF158}.Debug|Any CPU.Build.0 = Debug|Any CPU
		{A360437E-280C-4E87-BAB5-FE2651FDF158}.Release|Any CPU.ActiveCfg = Release|Any CPU
		{A360437E-280C-4E87-BAB5-FE2651FDF158}.Release|Any CPU.Build.0 = Release|Any CPU
	EndGlobalSection
	GlobalSection(SolutionProperties) = preSolution
		HideSolutionNode = FALSE
	EndGlobalSection
	GlobalSection(ExtensibilityGlobals) = postSolution
		SolutionGuid = {B1F97869-1A49-4284-ACA9-7AA6DB56CD44}
	EndGlobalSection
EndGlobal
