
Microsoft Visual Studio Solution File, Format Version 12.00
# Visual Studio 15
VisualStudioVersion = 15.0.28307.705
MinimumVisualStudioVersion = 10.0.40219.1
Project("{FAE04EC0-301F-11D3-BF4B-00C04F79EFBC}") = "Lab10Task1", "Lab10Task1\Lab10Task1.csproj", "{EC769430-4C95-4FBC-B061-59D7049FC85B}"
EndProject
Global
	GlobalSection(SolutionConfigurationPlatforms) = preSolution
		Debug|Any CPU = Debug|Any CPU
		Release|Any CPU = Release|Any CPU
	EndGlobalSection
	GlobalSection(ProjectConfigurationPlatforms) = postSolution
		{EC769430-4C95-4FBC-B061-59D7049FC85B}.Debug|Any CPU.ActiveCfg = Debug|Any CPU
		{EC769430-4C95-4FBC-B061-59D7049FC85B}.Debug|Any CPU.Build.0 = Debug|Any CPU
		{EC769430-4C95-4FBC-B061-59D7049FC85B}.Release|Any CPU.ActiveCfg = Release|Any CPU
		{EC769430-4C95-4FBC-B061-59D7049FC85B}.Release|Any CPU.Build.0 = Release|Any CPU
	EndGlobalSection
	GlobalSection(SolutionProperties) = preSolution
		HideSolutionNode = FALSE
	EndGlobalSection
	GlobalSection(ExtensibilityGlobals) = postSolution
		SolutionGuid = {3BAB75F4-9052-4008-852F-4BEB291FB5A3}
	EndGlobalSection
EndGlobal
