
Microsoft Visual Studio Solution File, Format Version 12.00
# Visual Studio 15
VisualStudioVersion = 15.0.28307.705
MinimumVisualStudioVersion = 10.0.40219.1
Project("{FAE04EC0-301F-11D3-BF4B-00C04F79EFBC}") = "Lab8Task1", "Lab8Task1\Lab8Task1.csproj", "{97000DB1-8EE4-4B4D-B1BA-268797205F1A}"
EndProject
Global
	GlobalSection(SolutionConfigurationPlatforms) = preSolution
		Debug|Any CPU = Debug|Any CPU
		Release|Any CPU = Release|Any CPU
	EndGlobalSection
	GlobalSection(ProjectConfigurationPlatforms) = postSolution
		{97000DB1-8EE4-4B4D-B1BA-268797205F1A}.Debug|Any CPU.ActiveCfg = Debug|Any CPU
		{97000DB1-8EE4-4B4D-B1BA-268797205F1A}.Debug|Any CPU.Build.0 = Debug|Any CPU
		{97000DB1-8EE4-4B4D-B1BA-268797205F1A}.Release|Any CPU.ActiveCfg = Release|Any CPU
		{97000DB1-8EE4-4B4D-B1BA-268797205F1A}.Release|Any CPU.Build.0 = Release|Any CPU
	EndGlobalSection
	GlobalSection(SolutionProperties) = preSolution
		HideSolutionNode = FALSE
	EndGlobalSection
	GlobalSection(ExtensibilityGlobals) = postSolution
		SolutionGuid = {6277E136-7783-44D6-A352-4D8CA91D5993}
	EndGlobalSection
EndGlobal
