
Microsoft Visual Studio Solution File, Format Version 12.00
# Visual Studio 15
VisualStudioVersion = 15.0.28307.757
MinimumVisualStudioVersion = 10.0.40219.1
Project("{FAE04EC0-301F-11D3-BF4B-00C04F79EFBC}") = "Lab4Task2", "Lab4Task2\Lab4Task2.csproj", "{3C8D4BC7-CFE8-4A60-A225-8CD15DC5CC24}"
EndProject
Global
	GlobalSection(SolutionConfigurationPlatforms) = preSolution
		Debug|Any CPU = Debug|Any CPU
		Release|Any CPU = Release|Any CPU
	EndGlobalSection
	GlobalSection(ProjectConfigurationPlatforms) = postSolution
		{3C8D4BC7-CFE8-4A60-A225-8CD15DC5CC24}.Debug|Any CPU.ActiveCfg = Debug|Any CPU
		{3C8D4BC7-CFE8-4A60-A225-8CD15DC5CC24}.Debug|Any CPU.Build.0 = Debug|Any CPU
		{3C8D4BC7-CFE8-4A60-A225-8CD15DC5CC24}.Release|Any CPU.ActiveCfg = Release|Any CPU
		{3C8D4BC7-CFE8-4A60-A225-8CD15DC5CC24}.Release|Any CPU.Build.0 = Release|Any CPU
	EndGlobalSection
	GlobalSection(SolutionProperties) = preSolution
		HideSolutionNode = FALSE
	EndGlobalSection
	GlobalSection(ExtensibilityGlobals) = postSolution
		SolutionGuid = {72FAB946-0E1B-498B-A52F-37120593685B}
	EndGlobalSection
EndGlobal
