
Microsoft Visual Studio Solution File, Format Version 12.00
# Visual Studio 15
VisualStudioVersion = 15.0.28307.705
MinimumVisualStudioVersion = 10.0.40219.1
Project("{FAE04EC0-301F-11D3-BF4B-00C04F79EFBC}") = "Lab3Task3", "Lab3Task3\Lab3Task3.csproj", "{263A8938-F5F3-4B5F-87E7-F140A55DFE37}"
EndProject
Global
	GlobalSection(SolutionConfigurationPlatforms) = preSolution
		Debug|Any CPU = Debug|Any CPU
		Release|Any CPU = Release|Any CPU
	EndGlobalSection
	GlobalSection(ProjectConfigurationPlatforms) = postSolution
		{263A8938-F5F3-4B5F-87E7-F140A55DFE37}.Debug|Any CPU.ActiveCfg = Debug|Any CPU
		{263A8938-F5F3-4B5F-87E7-F140A55DFE37}.Debug|Any CPU.Build.0 = Debug|Any CPU
		{263A8938-F5F3-4B5F-87E7-F140A55DFE37}.Release|Any CPU.ActiveCfg = Release|Any CPU
		{263A8938-F5F3-4B5F-87E7-F140A55DFE37}.Release|Any CPU.Build.0 = Release|Any CPU
	EndGlobalSection
	GlobalSection(SolutionProperties) = preSolution
		HideSolutionNode = FALSE
	EndGlobalSection
	GlobalSection(ExtensibilityGlobals) = postSolution
		SolutionGuid = {B1167D85-F4AA-49B9-B852-7FD341E81EB8}
	EndGlobalSection
EndGlobal
