
Microsoft Visual Studio Solution File, Format Version 12.00
# Visual Studio 15
VisualStudioVersion = 15.0.28307.705
MinimumVisualStudioVersion = 10.0.40219.1
Project("{FAE04EC0-301F-11D3-BF4B-00C04F79EFBC}") = "FranciscoRosas", "FranciscoRosas\FranciscoRosas.csproj", "{17A27C38-4E43-4B87-A4B3-D8B40999BBD8}"
EndProject
Global
	GlobalSection(SolutionConfigurationPlatforms) = preSolution
		Debug|Any CPU = Debug|Any CPU
		Release|Any CPU = Release|Any CPU
	EndGlobalSection
	GlobalSection(ProjectConfigurationPlatforms) = postSolution
		{17A27C38-4E43-4B87-A4B3-D8B40999BBD8}.Debug|Any CPU.ActiveCfg = Debug|Any CPU
		{17A27C38-4E43-4B87-A4B3-D8B40999BBD8}.Debug|Any CPU.Build.0 = Debug|Any CPU
		{17A27C38-4E43-4B87-A4B3-D8B40999BBD8}.Release|Any CPU.ActiveCfg = Release|Any CPU
		{17A27C38-4E43-4B87-A4B3-D8B40999BBD8}.Release|Any CPU.Build.0 = Release|Any CPU
	EndGlobalSection
	GlobalSection(SolutionProperties) = preSolution
		HideSolutionNode = FALSE
	EndGlobalSection
	GlobalSection(ExtensibilityGlobals) = postSolution
		SolutionGuid = {D047E7C9-70B3-4E9F-A5E9-04D5E62E7F3D}
	EndGlobalSection
EndGlobal
