
Microsoft Visual Studio Solution File, Format Version 12.00
# Visual Studio 15
VisualStudioVersion = 15.0.28307.757
MinimumVisualStudioVersion = 10.0.40219.1
Project("{FAE04EC0-301F-11D3-BF4B-00C04F79EFBC}") = "Lab19Task3", "Lab19Task3\Lab19Task3.csproj", "{015E0E3F-F39D-4179-AF92-2B4D068E979A}"
EndProject
Global
	GlobalSection(SolutionConfigurationPlatforms) = preSolution
		Debug|Any CPU = Debug|Any CPU
		Release|Any CPU = Release|Any CPU
	EndGlobalSection
	GlobalSection(ProjectConfigurationPlatforms) = postSolution
		{015E0E3F-F39D-4179-AF92-2B4D068E979A}.Debug|Any CPU.ActiveCfg = Debug|Any CPU
		{015E0E3F-F39D-4179-AF92-2B4D068E979A}.Debug|Any CPU.Build.0 = Debug|Any CPU
		{015E0E3F-F39D-4179-AF92-2B4D068E979A}.Release|Any CPU.ActiveCfg = Release|Any CPU
		{015E0E3F-F39D-4179-AF92-2B4D068E979A}.Release|Any CPU.Build.0 = Release|Any CPU
	EndGlobalSection
	GlobalSection(SolutionProperties) = preSolution
		HideSolutionNode = FALSE
	EndGlobalSection
	GlobalSection(ExtensibilityGlobals) = postSolution
		SolutionGuid = {AA1B96D5-FF71-43A2-AC00-D513E7C47687}
	EndGlobalSection
EndGlobal
