
Microsoft Visual Studio Solution File, Format Version 12.00
# Visual Studio 15
VisualStudioVersion = 15.0.28307.705
MinimumVisualStudioVersion = 10.0.40219.1
Project("{FAE04EC0-301F-11D3-BF4B-00C04F79EFBC}") = "Lab16Exam3", "Lab16Exam3\Lab16Exam3.csproj", "{455DF07D-377E-4DBC-8C6C-534116ED7BAA}"
EndProject
Global
	GlobalSection(SolutionConfigurationPlatforms) = preSolution
		Debug|Any CPU = Debug|Any CPU
		Release|Any CPU = Release|Any CPU
	EndGlobalSection
	GlobalSection(ProjectConfigurationPlatforms) = postSolution
		{455DF07D-377E-4DBC-8C6C-534116ED7BAA}.Debug|Any CPU.ActiveCfg = Debug|Any CPU
		{455DF07D-377E-4DBC-8C6C-534116ED7BAA}.Debug|Any CPU.Build.0 = Debug|Any CPU
		{455DF07D-377E-4DBC-8C6C-534116ED7BAA}.Release|Any CPU.ActiveCfg = Release|Any CPU
		{455DF07D-377E-4DBC-8C6C-534116ED7BAA}.Release|Any CPU.Build.0 = Release|Any CPU
	EndGlobalSection
	GlobalSection(SolutionProperties) = preSolution
		HideSolutionNode = FALSE
	EndGlobalSection
	GlobalSection(ExtensibilityGlobals) = postSolution
		SolutionGuid = {1991C0EC-84DF-4B37-8CDB-8C3E0C7111B1}
	EndGlobalSection
EndGlobal
