
Microsoft Visual Studio Solution File, Format Version 12.00
# Visual Studio 15
VisualStudioVersion = 15.0.28307.705
MinimumVisualStudioVersion = 10.0.40219.1
Project("{FAE04EC0-301F-11D3-BF4B-00C04F79EFBC}") = "Lab15Task1", "Lab15Task1\Lab15Task1.csproj", "{7FDDFDB1-A734-49EC-877B-ECFF7C17FFB0}"
EndProject
Global
	GlobalSection(SolutionConfigurationPlatforms) = preSolution
		Debug|Any CPU = Debug|Any CPU
		Release|Any CPU = Release|Any CPU
	EndGlobalSection
	GlobalSection(ProjectConfigurationPlatforms) = postSolution
		{7FDDFDB1-A734-49EC-877B-ECFF7C17FFB0}.Debug|Any CPU.ActiveCfg = Debug|Any CPU
		{7FDDFDB1-A734-49EC-877B-ECFF7C17FFB0}.Debug|Any CPU.Build.0 = Debug|Any CPU
		{7FDDFDB1-A734-49EC-877B-ECFF7C17FFB0}.Release|Any CPU.ActiveCfg = Release|Any CPU
		{7FDDFDB1-A734-49EC-877B-ECFF7C17FFB0}.Release|Any CPU.Build.0 = Release|Any CPU
	EndGlobalSection
	GlobalSection(SolutionProperties) = preSolution
		HideSolutionNode = FALSE
	EndGlobalSection
	GlobalSection(ExtensibilityGlobals) = postSolution
		SolutionGuid = {3532C8D5-C5BE-4527-8AD8-CD2AFF5C1D9C}
	EndGlobalSection
EndGlobal
