
Microsoft Visual Studio Solution File, Format Version 12.00
# Visual Studio 15
VisualStudioVersion = 15.0.28307.757
MinimumVisualStudioVersion = 10.0.40219.1
Project("{FAE04EC0-301F-11D3-BF4B-00C04F79EFBC}") = "Lab20Task2", "Lab20Task2\Lab20Task2.csproj", "{A45A3819-C92A-4BC8-8EB0-D6BDACE82044}"
EndProject
Global
	GlobalSection(SolutionConfigurationPlatforms) = preSolution
		Debug|Any CPU = Debug|Any CPU
		Release|Any CPU = Release|Any CPU
	EndGlobalSection
	GlobalSection(ProjectConfigurationPlatforms) = postSolution
		{A45A3819-C92A-4BC8-8EB0-D6BDACE82044}.Debug|Any CPU.ActiveCfg = Debug|Any CPU
		{A45A3819-C92A-4BC8-8EB0-D6BDACE82044}.Debug|Any CPU.Build.0 = Debug|Any CPU
		{A45A3819-C92A-4BC8-8EB0-D6BDACE82044}.Release|Any CPU.ActiveCfg = Release|Any CPU
		{A45A3819-C92A-4BC8-8EB0-D6BDACE82044}.Release|Any CPU.Build.0 = Release|Any CPU
	EndGlobalSection
	GlobalSection(SolutionProperties) = preSolution
		HideSolutionNode = FALSE
	EndGlobalSection
	GlobalSection(ExtensibilityGlobals) = postSolution
		SolutionGuid = {BA817E0C-2ADD-4CE5-868A-B0DF74DA0ED1}
	EndGlobalSection
EndGlobal
