
Microsoft Visual Studio Solution File, Format Version 12.00
# Visual Studio 15
VisualStudioVersion = 15.0.28307.757
MinimumVisualStudioVersion = 10.0.40219.1
Project("{FAE04EC0-301F-11D3-BF4B-00C04F79EFBC}") = "Lab3Task5", "Lab3Task5\Lab3Task5.csproj", "{B4F1B102-CD0B-4E05-B987-CF34FF7A720F}"
EndProject
Global
	GlobalSection(SolutionConfigurationPlatforms) = preSolution
		Debug|Any CPU = Debug|Any CPU
		Release|Any CPU = Release|Any CPU
	EndGlobalSection
	GlobalSection(ProjectConfigurationPlatforms) = postSolution
		{B4F1B102-CD0B-4E05-B987-CF34FF7A720F}.Debug|Any CPU.ActiveCfg = Debug|Any CPU
		{B4F1B102-CD0B-4E05-B987-CF34FF7A720F}.Debug|Any CPU.Build.0 = Debug|Any CPU
		{B4F1B102-CD0B-4E05-B987-CF34FF7A720F}.Release|Any CPU.ActiveCfg = Release|Any CPU
		{B4F1B102-CD0B-4E05-B987-CF34FF7A720F}.Release|Any CPU.Build.0 = Release|Any CPU
	EndGlobalSection
	GlobalSection(SolutionProperties) = preSolution
		HideSolutionNode = FALSE
	EndGlobalSection
	GlobalSection(ExtensibilityGlobals) = postSolution
		SolutionGuid = {F4279C02-FAE7-485C-96D4-C094A5A0D641}
	EndGlobalSection
EndGlobal
